apiVersion: vendir.k14s.io/v1alpha1
directories:
- contents:
  - git:
      commitTitle: 'Release v6.1.1: fix Codex SessionStart hook re-registration, add
        Codex portal packaging'
      sha: d884ae04edebef577e82ff7c4e143debd0bbec99
      tags:
      - v6.1.1
    path: .
  path: skills/brainstorming
- contents:
  - git:
      commitTitle: 'Release v6.1.1: fix Codex SessionStart hook re-registration, add
        Codex portal packaging'
      sha: d884ae04edebef577e82ff7c4e143debd0bbec99
      tags:
      - v6.1.1
    path: .
  path: skills/dispatching-parallel-agents
- contents:
  - git:
      commitTitle: 'Merge pull request #586 from mattpocock/batch-grill-me-granular-facts...'
      sha: 9603c1cc8118d08bc1b3bf34cf714f62178dea3b
    path: .
  path: skills/domain-modeling
- contents:
  - git:
      commitTitle: 'Release v6.1.1: fix Codex SessionStart hook re-registration, add
        Codex portal packaging'
      sha: d884ae04edebef577e82ff7c4e143debd0bbec99
      tags:
      - v6.1.1
    path: .
  path: skills/executing-plans
- contents:
  - git:
      commitTitle: 'Release v6.1.1: fix Codex SessionStart hook re-registration, add
        Codex portal packaging'
      sha: d884ae04edebef577e82ff7c4e143debd0bbec99
      tags:
      - v6.1.1
    path: .
  path: skills/finishing-a-development-branch
- contents:
  - git:
      commitTitle: 'chore: Update gem-team plugin version to 1.84.0 and refine concurrency
        language in agent execution steps (#2322)...'
      sha: 5668f70312061448262d3160d2ab8b7b105ab4db
    path: .
  path: skills/git-commit
- contents:
  - git:
      commitTitle: 'Merge pull request #586 from mattpocock/batch-grill-me-granular-facts...'
      sha: 9603c1cc8118d08bc1b3bf34cf714f62178dea3b
    path: .
  path: skills/grill-with-docs
- contents:
  - git:
      commitTitle: 'Merge pull request #586 from mattpocock/batch-grill-me-granular-facts...'
      sha: 9603c1cc8118d08bc1b3bf34cf714f62178dea3b
    path: .
  path: skills/grilling
- contents:
  - git:
      commitTitle: 'feat: add design-control-loop skill...'
      sha: 39fb32786ae7a7cd864cf2c237148c38b1e4db07
    path: .
  path: skills/improve-claude-md
- contents:
  - git:
      commitTitle: 'Release v6.1.1: fix Codex SessionStart hook re-registration, add
        Codex portal packaging'
      sha: d884ae04edebef577e82ff7c4e143debd0bbec99
      tags:
      - v6.1.1
    path: .
  path: skills/receiving-code-review
- contents:
  - git:
      commitTitle: 'Release v6.1.1: fix Codex SessionStart hook re-registration, add
        Codex portal packaging'
      sha: d884ae04edebef577e82ff7c4e143debd0bbec99
      tags:
      - v6.1.1
    path: .
  path: skills/requesting-code-review
- contents:
  - git:
      commitTitle: 'Release v6.1.1: fix Codex SessionStart hook re-registration, add
        Codex portal packaging'
      sha: d884ae04edebef577e82ff7c4e143debd0bbec99
      tags:
      - v6.1.1
    path: .
  path: skills/subagent-driven-development
- contents:
  - git:
      commitTitle: 'Release v6.1.1: fix Codex SessionStart hook re-registration, add
        Codex portal packaging'
      sha: d884ae04edebef577e82ff7c4e143debd0bbec99
      tags:
      - v6.1.1
    path: .
  path: skills/systematic-debugging
- contents:
  - git:
      commitTitle: 'Release v6.1.1: fix Codex SessionStart hook re-registration, add
        Codex portal packaging'
      sha: d884ae04edebef577e82ff7c4e143debd0bbec99
      tags:
      - v6.1.1
    path: .
  path: skills/test-driven-development
- contents:
  - git:
      commitTitle: 'Release v6.1.1: fix Codex SessionStart hook re-registration, add
        Codex portal packaging'
      sha: d884ae04edebef577e82ff7c4e143debd0bbec99
      tags:
      - v6.1.1
    path: .
  path: skills/using-git-worktrees
- contents:
  - git:
      commitTitle: 'Release v6.1.1: fix Codex SessionStart hook re-registration, add
        Codex portal packaging'
      sha: d884ae04edebef577e82ff7c4e143debd0bbec99
      tags:
      - v6.1.1
    path: .
  path: skills/using-superpowers
- contents:
  - git:
      commitTitle: 'Release v6.1.1: fix Codex SessionStart hook re-registration, add
        Codex portal packaging'
      sha: d884ae04edebef577e82ff7c4e143debd0bbec99
      tags:
      - v6.1.1
    path: .
  path: skills/verification-before-completion
- contents:
  - git:
      commitTitle: 'Release v6.1.1: fix Codex SessionStart hook re-registration, add
        Codex portal packaging'
      sha: d884ae04edebef577e82ff7c4e143debd0bbec99
      tags:
      - v6.1.1
    path: .
  path: skills/writing-plans
- contents:
  - git:
      commitTitle: 'Release v6.1.1: fix Codex SessionStart hook re-registration, add
        Codex portal packaging'
      sha: d884ae04edebef577e82ff7c4e143debd0bbec99
      tags:
      - v6.1.1
    path: .
  path: skills/writing-skills
- contents:
  - git:
      commitTitle: Update README.md
      sha: 6bf24434f7730ad169077756cf9c7cd7bd675fc6
    path: .
  path: skills/emil-design-eng
