apiVersion: vendir.k14s.io/v1alpha1
directories:
- contents:
  - git:
      commitTitle: 'docs: remove the "We''re Hiring" section from the README...'
      sha: 44c9b2d6e889982ac18c27d05a19fefe335194e1
      tags:
      - v6.2.0-1-g44c9b2d
    path: .
  path: skills/obra/brainstorming
- contents:
  - git:
      commitTitle: 'docs: remove the "We''re Hiring" section from the README...'
      sha: 44c9b2d6e889982ac18c27d05a19fefe335194e1
      tags:
      - v6.2.0-1-g44c9b2d
    path: .
  path: skills/obra/dispatching-parallel-agents
- contents:
  - git:
      commitTitle: 'docs: remove the "We''re Hiring" section from the README...'
      sha: 44c9b2d6e889982ac18c27d05a19fefe335194e1
      tags:
      - v6.2.0-1-g44c9b2d
    path: .
  path: skills/obra/executing-plans
- contents:
  - git:
      commitTitle: 'docs: remove the "We''re Hiring" section from the README...'
      sha: 44c9b2d6e889982ac18c27d05a19fefe335194e1
      tags:
      - v6.2.0-1-g44c9b2d
    path: .
  path: skills/obra/finishing-a-development-branch
- contents:
  - git:
      commitTitle: 'docs: remove the "We''re Hiring" section from the README...'
      sha: 44c9b2d6e889982ac18c27d05a19fefe335194e1
      tags:
      - v6.2.0-1-g44c9b2d
    path: .
  path: skills/obra/receiving-code-review
- contents:
  - git:
      commitTitle: 'docs: remove the "We''re Hiring" section from the README...'
      sha: 44c9b2d6e889982ac18c27d05a19fefe335194e1
      tags:
      - v6.2.0-1-g44c9b2d
    path: .
  path: skills/obra/requesting-code-review
- contents:
  - git:
      commitTitle: 'docs: remove the "We''re Hiring" section from the README...'
      sha: 44c9b2d6e889982ac18c27d05a19fefe335194e1
      tags:
      - v6.2.0-1-g44c9b2d
    path: .
  path: skills/obra/subagent-driven-development
- contents:
  - git:
      commitTitle: 'docs: remove the "We''re Hiring" section from the README...'
      sha: 44c9b2d6e889982ac18c27d05a19fefe335194e1
      tags:
      - v6.2.0-1-g44c9b2d
    path: .
  path: skills/obra/systematic-debugging
- contents:
  - git:
      commitTitle: 'docs: remove the "We''re Hiring" section from the README...'
      sha: 44c9b2d6e889982ac18c27d05a19fefe335194e1
      tags:
      - v6.2.0-1-g44c9b2d
    path: .
  path: skills/obra/test-driven-development
- contents:
  - git:
      commitTitle: 'docs: remove the "We''re Hiring" section from the README...'
      sha: 44c9b2d6e889982ac18c27d05a19fefe335194e1
      tags:
      - v6.2.0-1-g44c9b2d
    path: .
  path: skills/obra/using-git-worktrees
- contents:
  - git:
      commitTitle: 'docs: remove the "We''re Hiring" section from the README...'
      sha: 44c9b2d6e889982ac18c27d05a19fefe335194e1
      tags:
      - v6.2.0-1-g44c9b2d
    path: .
  path: skills/obra/using-superpowers
- contents:
  - git:
      commitTitle: 'docs: remove the "We''re Hiring" section from the README...'
      sha: 44c9b2d6e889982ac18c27d05a19fefe335194e1
      tags:
      - v6.2.0-1-g44c9b2d
    path: .
  path: skills/obra/verification-before-completion
- contents:
  - git:
      commitTitle: 'docs: remove the "We''re Hiring" section from the README...'
      sha: 44c9b2d6e889982ac18c27d05a19fefe335194e1
      tags:
      - v6.2.0-1-g44c9b2d
    path: .
  path: skills/obra/writing-plans
- contents:
  - git:
      commitTitle: 'docs: remove the "We''re Hiring" section from the README...'
      sha: 44c9b2d6e889982ac18c27d05a19fefe335194e1
      tags:
      - v6.2.0-1-g44c9b2d
    path: .
  path: skills/obra/writing-skills
- contents:
  - git:
      commitTitle: 'Merge pull request #768 from mattpocock/changeset-release/main...'
      sha: 8b36d4fb2635b3c21998dcd8144439c9e5ba7302
      tags:
      - v1.2.2
    path: .
  path: skills/mattpocock/domain-modeling
- contents:
  - git:
      commitTitle: 'Merge pull request #768 from mattpocock/changeset-release/main...'
      sha: 8b36d4fb2635b3c21998dcd8144439c9e5ba7302
      tags:
      - v1.2.2
    path: .
  path: skills/mattpocock/grill-with-docs
- contents:
  - git:
      commitTitle: 'Merge pull request #768 from mattpocock/changeset-release/main...'
      sha: 8b36d4fb2635b3c21998dcd8144439c9e5ba7302
      tags:
      - v1.2.2
    path: .
  path: skills/mattpocock/grilling
- contents:
  - git:
      commitTitle: New "Azd best practices" skill (#2549)...
      sha: 6c7fe1b15f1be7e29d3aaf04fb3423ee5a226353
    path: .
  path: skills/github/git-commit
- contents:
  - git:
      commitTitle: 'feat: add design-control-loop skill...'
      sha: 39fb32786ae7a7cd864cf2c237148c38b1e4db07
    path: .
  path: skills/humanlayer/improve-claude-md
- contents:
  - git:
      commitTitle: Add /animate skill
      sha: de33dbed000212b54400a33767d1e4d03654db2a
    path: .
  path: skills/emilkowalski/animation-vocabulary
- contents:
  - git:
      commitTitle: Add /animate skill
      sha: de33dbed000212b54400a33767d1e4d03654db2a
    path: .
  path: skills/emilkowalski/apple-design
- contents:
  - git:
      commitTitle: Add /animate skill
      sha: de33dbed000212b54400a33767d1e4d03654db2a
    path: .
  path: skills/emilkowalski/emil-design-eng
- contents:
  - git:
      commitTitle: Add /animate skill
      sha: de33dbed000212b54400a33767d1e4d03654db2a
    path: .
  path: skills/emilkowalski/find-animation-opportunities
- contents:
  - git:
      commitTitle: Add /animate skill
      sha: de33dbed000212b54400a33767d1e4d03654db2a
    path: .
  path: skills/emilkowalski/improve-animations
- contents:
  - git:
      commitTitle: Add /animate skill
      sha: de33dbed000212b54400a33767d1e4d03654db2a
    path: .
  path: skills/emilkowalski/pick-ui-library
- contents:
  - git:
      commitTitle: Add /animate skill
      sha: de33dbed000212b54400a33767d1e4d03654db2a
    path: .
  path: skills/emilkowalski/prototype
- contents:
  - git:
      commitTitle: Add /animate skill
      sha: de33dbed000212b54400a33767d1e4d03654db2a
    path: .
  path: skills/emilkowalski/review-animations
- contents:
  - git:
      commitTitle: Simplify CSS color channel parsing (#520)...
      sha: a075d89bdbe60b2b00220cb0527fb5091e84215e
      tags:
      - ext-v1.3.1-100-ga075d89b
    path: .
  path: skills/pbakaus/impeccable
- contents:
  - git:
      commitTitle: Release v0.0.179
      sha: 684ab9d7c6b78fc2cd5677912d874397cb2e5dfa
      tags:
      - v0.0.179
    path: .
  path: skills/googlechrome/modern-web-guidance
- contents:
  - git:
      commitTitle: 'Merge pull request #310 from vercel-labs/fix-install-command...'
      sha: 7c180d9044c9ae2b442b567aad4e42a28dd5ed62
    path: .
  path: skills/vercel-labs/react-best-practices
- contents:
  - git:
      commitTitle: 'Merge pull request #310 from vercel-labs/fix-install-command...'
      sha: 7c180d9044c9ae2b442b567aad4e42a28dd5ed62
    path: .
  path: skills/vercel-labs/web-design-guidelines
- contents:
  - git:
      commitTitle: Add skill
      sha: b2d53205a03a6538c394b22f28ea175fdbfb97e3
    path: .
  path: skills/index-how/vocabulary
kind: LockConfig
