apiVersion: vendir.k14s.io/v1alpha1
directories:
- contents:
  - git:
      commitTitle: 'Release v6.2.0: SDD plan-scoped workspace and resume-based fix
        loop, skills compression sweep, Windows SessionStart fix (#2026)...'
      sha: 3dcbd5c4b48e02263fbf4a3c01e3fe4f81d584d9
      tags:
      - v6.2.0
    path: .
  path: skills/brainstorming
- contents:
  - git:
      commitTitle: 'Release v6.2.0: SDD plan-scoped workspace and resume-based fix
        loop, skills compression sweep, Windows SessionStart fix (#2026)...'
      sha: 3dcbd5c4b48e02263fbf4a3c01e3fe4f81d584d9
      tags:
      - v6.2.0
    path: .
  path: skills/dispatching-parallel-agents
- contents:
  - git:
      commitTitle: 'refactor(to-tickets): remove redundant instructions for ticket
        implementation'
      sha: ed37663cc5fbef691ddfecd080dff42f7e7e350d
      tags:
      - v1.1.0-40-ged37663
    path: .
  path: skills/domain-modeling
- contents:
  - git:
      commitTitle: 'Release v6.2.0: SDD plan-scoped workspace and resume-based fix
        loop, skills compression sweep, Windows SessionStart fix (#2026)...'
      sha: 3dcbd5c4b48e02263fbf4a3c01e3fe4f81d584d9
      tags:
      - v6.2.0
    path: .
  path: skills/executing-plans
- contents:
  - git:
      commitTitle: 'Release v6.2.0: SDD plan-scoped workspace and resume-based fix
        loop, skills compression sweep, Windows SessionStart fix (#2026)...'
      sha: 3dcbd5c4b48e02263fbf4a3c01e3fe4f81d584d9
      tags:
      - v6.2.0
    path: .
  path: skills/finishing-a-development-branch
- contents:
  - git:
      commitTitle: Fix nested code fences in aws-well-architected-review issue template
        (#2449)...
      sha: b94ae92ab0a6fa695803f1b79b2e41a904a237db
    path: .
  path: skills/git-commit
- contents:
  - git:
      commitTitle: 'refactor(to-tickets): remove redundant instructions for ticket
        implementation'
      sha: ed37663cc5fbef691ddfecd080dff42f7e7e350d
      tags:
      - v1.1.0-40-ged37663
    path: .
  path: skills/grill-with-docs
- contents:
  - git:
      commitTitle: 'refactor(to-tickets): remove redundant instructions for ticket
        implementation'
      sha: ed37663cc5fbef691ddfecd080dff42f7e7e350d
      tags:
      - v1.1.0-40-ged37663
    path: .
  path: skills/grilling
- contents:
  - git:
      commitTitle: 'feat: add design-control-loop skill...'
      sha: 39fb32786ae7a7cd864cf2c237148c38b1e4db07
    path: .
  path: skills/improve-claude-md
- contents:
  - git:
      commitTitle: 'Release v6.2.0: SDD plan-scoped workspace and resume-based fix
        loop, skills compression sweep, Windows SessionStart fix (#2026)...'
      sha: 3dcbd5c4b48e02263fbf4a3c01e3fe4f81d584d9
      tags:
      - v6.2.0
    path: .
  path: skills/receiving-code-review
- contents:
  - git:
      commitTitle: 'Release v6.2.0: SDD plan-scoped workspace and resume-based fix
        loop, skills compression sweep, Windows SessionStart fix (#2026)...'
      sha: 3dcbd5c4b48e02263fbf4a3c01e3fe4f81d584d9
      tags:
      - v6.2.0
    path: .
  path: skills/requesting-code-review
- contents:
  - git:
      commitTitle: 'Release v6.2.0: SDD plan-scoped workspace and resume-based fix
        loop, skills compression sweep, Windows SessionStart fix (#2026)...'
      sha: 3dcbd5c4b48e02263fbf4a3c01e3fe4f81d584d9
      tags:
      - v6.2.0
    path: .
  path: skills/subagent-driven-development
- contents:
  - git:
      commitTitle: 'Release v6.2.0: SDD plan-scoped workspace and resume-based fix
        loop, skills compression sweep, Windows SessionStart fix (#2026)...'
      sha: 3dcbd5c4b48e02263fbf4a3c01e3fe4f81d584d9
      tags:
      - v6.2.0
    path: .
  path: skills/systematic-debugging
- contents:
  - git:
      commitTitle: 'Release v6.2.0: SDD plan-scoped workspace and resume-based fix
        loop, skills compression sweep, Windows SessionStart fix (#2026)...'
      sha: 3dcbd5c4b48e02263fbf4a3c01e3fe4f81d584d9
      tags:
      - v6.2.0
    path: .
  path: skills/test-driven-development
- contents:
  - git:
      commitTitle: 'Release v6.2.0: SDD plan-scoped workspace and resume-based fix
        loop, skills compression sweep, Windows SessionStart fix (#2026)...'
      sha: 3dcbd5c4b48e02263fbf4a3c01e3fe4f81d584d9
      tags:
      - v6.2.0
    path: .
  path: skills/using-git-worktrees
- contents:
  - git:
      commitTitle: 'Release v6.2.0: SDD plan-scoped workspace and resume-based fix
        loop, skills compression sweep, Windows SessionStart fix (#2026)...'
      sha: 3dcbd5c4b48e02263fbf4a3c01e3fe4f81d584d9
      tags:
      - v6.2.0
    path: .
  path: skills/using-superpowers
- contents:
  - git:
      commitTitle: 'Release v6.2.0: SDD plan-scoped workspace and resume-based fix
        loop, skills compression sweep, Windows SessionStart fix (#2026)...'
      sha: 3dcbd5c4b48e02263fbf4a3c01e3fe4f81d584d9
      tags:
      - v6.2.0
    path: .
  path: skills/verification-before-completion
- contents:
  - git:
      commitTitle: 'Release v6.2.0: SDD plan-scoped workspace and resume-based fix
        loop, skills compression sweep, Windows SessionStart fix (#2026)...'
      sha: 3dcbd5c4b48e02263fbf4a3c01e3fe4f81d584d9
      tags:
      - v6.2.0
    path: .
  path: skills/writing-plans
- contents:
  - git:
      commitTitle: 'Release v6.2.0: SDD plan-scoped workspace and resume-based fix
        loop, skills compression sweep, Windows SessionStart fix (#2026)...'
      sha: 3dcbd5c4b48e02263fbf4a3c01e3fe4f81d584d9
      tags:
      - v6.2.0
    path: .
  path: skills/writing-skills
- contents:
  - git:
      commitTitle: Add /prototype skill
      sha: 70744e3816f1d93eafb697161a8b880a7384c5ff
    path: .
  path: skills/emil-design-eng
- contents:
  - git:
      commitTitle: 'Release bumps: skill 4.0.3, CLI 3.4.0, extension 1.3.0, with synced
        output...'
      sha: 68b1129634a1cdd9a0ba50b27376c71b4b083ae8
      tags:
      - ext-v1.3.0
    path: .
  path: skills/impeccable
- contents:
  - git:
      commitTitle: Release v0.0.178
      sha: ccb800c9519286eaa7263d30c409e5bc9c0c6d9f
      tags:
      - v0.0.178
    path: .
  path: skills/modern-web-guidance
- contents:
  - git:
      commitTitle: 'Merge pull request #287 from brunoreinstein-cloud/fix/windows-vercel-spawn...'
      sha: f8a72b9603728bb92a217a879b7e62e43ad76c81
    path: .
  path: skills/react-best-practices
- contents:
  - git:
      commitTitle: Add skill
      sha: b2d53205a03a6538c394b22f28ea175fdbfb97e3
    path: .
  path: skills/vocabulary
- contents:
  - git:
      commitTitle: 'Merge pull request #287 from brunoreinstein-cloud/fix/windows-vercel-spawn...'
      sha: f8a72b9603728bb92a217a879b7e62e43ad76c81
    path: .
  path: skills/web-design-guidelines
kind: LockConfig
